
Microsoft Visual Studio Solution File, Format Version 12.00
# Visual Studio 15
VisualStudioVersion = 15.0.27428.2037
MinimumVisualStudioVersion = 10.0.40219.1
Project("{9A19103F-16F7-4668-BE54-9A1E7A4F7556}") = "XWidget.Web.Mvc.JsonMask", "XWidget.Web.Mvc.JsonMask\XWidget.Web.Mvc.JsonMask.csproj", "{AC85A51A-D93C-4F2B-8480-2232593C9964}"
EndProject
Project("{9A19103F-16F7-4668-BE54-9A1E7A4F7556}") = "XWidget.Web.Mvc.JsonMask.Test", "XWidget.Web.Mvc.JsonMask.Test\XWidget.Web.Mvc.JsonMask.Test.csproj", "{934F5C6C-3DB4-4834-B38F-1BA5CD70540B}"
EndProject
Project("{2150E333-8FDC-42A3-9474-1A3956D46DE8}") = "Solution Items", "Solution Items", "{399EB402-AA57-4F5F-B629-EF3B06BDB1C9}"
	ProjectSection(SolutionItems) = preProject
		.travis.yml = .travis.yml
		LICENSE = LICENSE
	EndProjectSection
EndProject
Project("{9A19103F-16F7-4668-BE54-9A1E7A4F7556}") = "XWidget.Web.Mvc.Multipart", "XWidget.Web.Mvc.Multipart\XWidget.Web.Mvc.Multipart.csproj", "{EC61BCC6-D3E5-4B61-8584-3E59901AC627}"
EndProject
Project("{FAE04EC0-301F-11D3-BF4B-00C04F79EFBC}") = "XWidget.Web.Mvc.Multipart.Test", "XWidget.Web.Mvc.Multipart.Test\XWidget.Web.Mvc.Multipart.Test.csproj", "{0C18274C-3471-4E60-ADC0-AB9EF4422308}"
EndProject
Global
	GlobalSection(SolutionConfigurationPlatforms) = preSolution
		Debug|Any CPU = Debug|Any CPU
		Release|Any CPU = Release|Any CPU
	EndGlobalSection
	GlobalSection(ProjectConfigurationPlatforms) = postSolution
		{AC85A51A-D93C-4F2B-8480-2232593C9964}.Debug|Any CPU.ActiveCfg = Debug|Any CPU
		{AC85A51A-D93C-4F2B-8480-2232593C9964}.Debug|Any CPU.Build.0 = Debug|Any CPU
		{AC85A51A-D93C-4F2B-8480-2232593C9964}.Release|Any CPU.ActiveCfg = Release|Any CPU
		{AC85A51A-D93C-4F2B-8480-2232593C9964}.Release|Any CPU.Build.0 = Release|Any CPU
		{934F5C6C-3DB4-4834-B38F-1BA5CD70540B}.Debug|Any CPU.ActiveCfg = Debug|Any CPU
		{934F5C6C-3DB4-4834-B38F-1BA5CD70540B}.Debug|Any CPU.Build.0 = Debug|Any CPU
		{934F5C6C-3DB4-4834-B38F-1BA5CD70540B}.Release|Any CPU.ActiveCfg = Release|Any CPU
		{934F5C6C-3DB4-4834-B38F-1BA5CD70540B}.Release|Any CPU.Build.0 = Release|Any CPU
		{EC61BCC6-D3E5-4B61-8584-3E59901AC627}.Debug|Any CPU.ActiveCfg = Debug|Any CPU
		{EC61BCC6-D3E5-4B61-8584-3E59901AC627}.Debug|Any CPU.Build.0 = Debug|Any CPU
		{EC61BCC6-D3E5-4B61-8584-3E59901AC627}.Release|Any CPU.ActiveCfg = Release|Any CPU
		{EC61BCC6-D3E5-4B61-8584-3E59901AC627}.Release|Any CPU.Build.0 = Release|Any CPU
		{0C18274C-3471-4E60-ADC0-AB9EF4422308}.Debug|Any CPU.ActiveCfg = Debug|Any CPU
		{0C18274C-3471-4E60-ADC0-AB9EF4422308}.Debug|Any CPU.Build.0 = Debug|Any CPU
		{0C18274C-3471-4E60-ADC0-AB9EF4422308}.Release|Any CPU.ActiveCfg = Release|Any CPU
		{0C18274C-3471-4E60-ADC0-AB9EF4422308}.Release|Any CPU.Build.0 = Release|Any CPU
	EndGlobalSection
	GlobalSection(SolutionProperties) = preSolution
		HideSolutionNode = FALSE
	EndGlobalSection
	GlobalSection(ExtensibilityGlobals) = postSolution
		SolutionGuid = {3FC2B0A5-356E-4E69-861F-5E8C9AFC70D0}
	EndGlobalSection
EndGlobal
