
Microsoft Visual Studio Solution File, Format Version 12.00
# Visual Studio Version 16
VisualStudioVersion = 16.0.28803.452
MinimumVisualStudioVersion = 10.0.40219.1
Project("{9A19103F-16F7-4668-BE54-9A1E7A4F7556}") = "XWidget.Web.Mvc.JsonMask", "XWidget.Web.Mvc.JsonMask\XWidget.Web.Mvc.JsonMask.csproj", "{AC85A51A-D93C-4F2B-8480-2232593C9964}"
EndProject
Project("{9A19103F-16F7-4668-BE54-9A1E7A4F7556}") = "XWidget.Web.Mvc.JsonMask.Test", "XWidget.Web.Mvc.JsonMask.Test\XWidget.Web.Mvc.JsonMask.Test.csproj", "{934F5C6C-3DB4-4834-B38F-1BA5CD70540B}"
EndProject
Project("{2150E333-8FDC-42A3-9474-1A3956D46DE8}") = "Solution Items", "Solution Items", "{399EB402-AA57-4F5F-B629-EF3B06BDB1C9}"
	ProjectSection(SolutionItems) = preProject
		.travis.yml = .travis.yml
		appveyor.yml = appveyor.yml
		LICENSE = LICENSE
		README.md = README.md
		version = version
	EndProjectSection
EndProject
Project("{9A19103F-16F7-4668-BE54-9A1E7A4F7556}") = "XWidget.Web.Mvc.Multipart", "XWidget.Web.Mvc.Multipart\XWidget.Web.Mvc.Multipart.csproj", "{EC61BCC6-D3E5-4B61-8584-3E59901AC627}"
EndProject
Project("{9A19103F-16F7-4668-BE54-9A1E7A4F7556}") = "XWidget.Web.Mvc.Multipart.Test", "XWidget.Web.Mvc.Multipart.Test\XWidget.Web.Mvc.Multipart.Test.csproj", "{0C18274C-3471-4E60-ADC0-AB9EF4422308}"
EndProject
Project("{9A19103F-16F7-4668-BE54-9A1E7A4F7556}") = "XWidget.Web.Jwt", "XWidget.Web.Jwt\XWidget.Web.Jwt.csproj", "{EA8FEE86-728C-40E1-88B2-1898770049C6}"
EndProject
Project("{9A19103F-16F7-4668-BE54-9A1E7A4F7556}") = "XWidget.Utilities", "XWidget.Utilities\XWidget.Utilities.csproj", "{8B12EE3D-03AB-43DF-A469-114D71956ACF}"
EndProject
Project("{9A19103F-16F7-4668-BE54-9A1E7A4F7556}") = "XWidget.Extensions", "XWidget.Extensions\XWidget.Extensions.csproj", "{FE2A25D2-7D19-4B90-A1F6-F7EA6EDEE677}"
EndProject
Project("{9A19103F-16F7-4668-BE54-9A1E7A4F7556}") = "XWidget.Linq", "XWidget.Linq\XWidget.Linq.csproj", "{855E08AD-58B7-495C-AFA5-8868A4FBB6AF}"
EndProject
Project("{9A19103F-16F7-4668-BE54-9A1E7A4F7556}") = "XWidget.Reflection", "XWidget.Reflection\XWidget.Reflection.csproj", "{8C6F1CBB-6CB7-4B1F-A406-1F8CA82A0F97}"
EndProject
Project("{9A19103F-16F7-4668-BE54-9A1E7A4F7556}") = "XWidget.Cryptography", "XWidget.Cryptography\XWidget.Cryptography.csproj", "{39F801BF-8482-4663-84BA-90BDE1F9BDC0}"
EndProject
Project("{9A19103F-16F7-4668-BE54-9A1E7A4F7556}") = "XWidget.Web.Exceptions", "XWidget.Web.Exceptions\XWidget.Web.Exceptions.csproj", "{66BEAF03-C29C-4DD2-B04F-848741D03744}"
EndProject
Project("{9A19103F-16F7-4668-BE54-9A1E7A4F7556}") = "XWidget.Web", "XWidget.Web\XWidget.Web.csproj", "{6D491715-6FC3-4D9B-8C98-FA3E37B2B5AC}"
EndProject
Project("{9A19103F-16F7-4668-BE54-9A1E7A4F7556}") = "XWidget.Web.Mvc", "XWidget.Web.Mvc\XWidget.Web.Mvc.csproj", "{2E325442-BEC8-4444-9F98-4157305F6EB7}"
EndProject
Project("{9A19103F-16F7-4668-BE54-9A1E7A4F7556}") = "XWidget.EFLogic", "XWidget.EFLogic\XWidget.EFLogic.csproj", "{731B29A0-2E6F-4038-BDD1-3AF252B2E30F}"
EndProject
Project("{9A19103F-16F7-4668-BE54-9A1E7A4F7556}") = "XWidget.Cryptography.Test", "XWidget.Cryptography.Test\XWidget.Cryptography.Test.csproj", "{97073917-1262-4E76-8B0F-92A888C32BE1}"
EndProject
Project("{9A19103F-16F7-4668-BE54-9A1E7A4F7556}") = "XWidget.Extensions.Test", "XWidget.Extensions.Test\XWidget.Extensions.Test.csproj", "{2C504CC6-C76B-4A9E-8C67-9F5199CC2F7C}"
EndProject
Project("{9A19103F-16F7-4668-BE54-9A1E7A4F7556}") = "XWidget.Linq.Test", "XWidget.Linq.Test\XWidget.Linq.Test.csproj", "{B314984C-614F-4204-8EB0-0F28E2811328}"
EndProject
Project("{9A19103F-16F7-4668-BE54-9A1E7A4F7556}") = "XWidget.Reflection.Test", "XWidget.Reflection.Test\XWidget.Reflection.Test.csproj", "{78603FC0-B2A4-421D-B417-796FB40F5CB4}"
EndProject
Project("{9A19103F-16F7-4668-BE54-9A1E7A4F7556}") = "XWidget.Utilities.Test", "XWidget.Utilities.Test\XWidget.Utilities.Test.csproj", "{7F70C1E0-15C5-4939-BCF9-890D15ED36B1}"
EndProject
Project("{9A19103F-16F7-4668-BE54-9A1E7A4F7556}") = "XWidget.Web.Test", "XWidget.Web.Test\XWidget.Web.Test.csproj", "{08D961A4-6069-4448-9E5C-59ACD3CB339C}"
EndProject
Project("{9A19103F-16F7-4668-BE54-9A1E7A4F7556}") = "XWidget.Web.Jwt.Test", "XWidget.Web.Jwt.Test\XWidget.Web.Jwt.Test.csproj", "{C0EB1FBB-1FF0-4801-9692-758132B721E8}"
EndProject
Project("{9A19103F-16F7-4668-BE54-9A1E7A4F7556}") = "XWidget.Web.Mvc.Test", "XWidget.Web.Mvc.Test\XWidget.Web.Mvc.Test.csproj", "{80CE103C-8DDD-46C4-94A9-408B919ACAAA}"
EndProject
Project("{9A19103F-16F7-4668-BE54-9A1E7A4F7556}") = "XWidget.EFLogic.Test", "XWidget.EFLogic.Test\XWidget.EFLogic.Test.csproj", "{029FFF6F-81B8-4405-BE4A-A49AF9CA670C}"
EndProject
Project("{9A19103F-16F7-4668-BE54-9A1E7A4F7556}") = "XWidget.Web.Mvc.PropertyMask", "XWidget.Web.Mvc.PropertyMask\XWidget.Web.Mvc.PropertyMask.csproj", "{524B6C0F-7603-431F-8B57-0FE07EF7FF99}"
EndProject
Project("{9A19103F-16F7-4668-BE54-9A1E7A4F7556}") = "XWidget.Web.Mvc.PropertyMask.Test", "XWidget.Web.Mvc.PropertyMask.Test\XWidget.Web.Mvc.PropertyMask.Test.csproj", "{3509EEED-82D8-454F-8681-F482E83F1EDF}"
EndProject
Project("{9A19103F-16F7-4668-BE54-9A1E7A4F7556}") = "XWidget.JobQueue", "XWidget.JobQueue\XWidget.JobQueue.csproj", "{FFF3703D-2A05-404F-94B4-24BABD9BC47D}"
EndProject
Project("{9A19103F-16F7-4668-BE54-9A1E7A4F7556}") = "XWidget.JobQueue.Test", "XWidget.JobQueue.Test\XWidget.JobQueue.Test.csproj", "{377FD2A7-6BC7-4545-AA4B-46AE9BBEABAE}"
EndProject
Project("{9A19103F-16F7-4668-BE54-9A1E7A4F7556}") = "XWidget.Rest", "XWidget.Rest\XWidget.Rest.csproj", "{D1C937CD-BB80-4A4E-BA6C-6769D2A27A4E}"
EndProject
Project("{9A19103F-16F7-4668-BE54-9A1E7A4F7556}") = "XWidget.Rest.Test", "XWidget.Rest.Test\XWidget.Rest.Test.csproj", "{BC4FBA7E-A99E-4344-878D-8560241B6C23}"
EndProject
Project("{9A19103F-16F7-4668-BE54-9A1E7A4F7556}") = "XWidget.Web.GoogleAnalytics", "XWidget.Web.GoogleAnalytics\XWidget.Web.GoogleAnalytics.csproj", "{8F3E9B7B-D2D0-4867-A930-6A1F15DC2A02}"
EndProject
Project("{9A19103F-16F7-4668-BE54-9A1E7A4F7556}") = "XWidget.Web.GoogleAnalytics.Test", "XWidget.Web.GoogleAnalytics.Test\XWidget.Web.GoogleAnalytics.Test.csproj", "{E4C1E962-2F11-442B-8BE2-7CB22D0B3EAA}"
EndProject
Project("{9A19103F-16F7-4668-BE54-9A1E7A4F7556}") = "XWidget.FFMpeg", "XWidget.FFMpeg\XWidget.FFMpeg.csproj", "{4F958A51-AB1A-4B99-9CE1-782BD8635646}"
EndProject
Project("{9A19103F-16F7-4668-BE54-9A1E7A4F7556}") = "XWidget.FFMpeg.Test", "XWidget.FFMpeg.Test\XWidget.FFMpeg.Test.csproj", "{264BCA06-5C65-4931-A725-114EC86EB5E7}"
EndProject
Project("{9A19103F-16F7-4668-BE54-9A1E7A4F7556}") = "XWidget.Web.AddThis", "XWidget.Web.AddThis\XWidget.Web.AddThis.csproj", "{2ED1C7FA-27C3-458D-B40E-DEE35452AF30}"
EndProject
Project("{9A19103F-16F7-4668-BE54-9A1E7A4F7556}") = "XWidget.Web.AddThis.Test", "XWidget.Web.AddThis.Test\XWidget.Web.AddThis.Test.csproj", "{8C0A19FF-BA57-4165-9964-7823ED9AE2CD}"
EndProject
Project("{9A19103F-16F7-4668-BE54-9A1E7A4F7556}") = "XWidget.Web.SSO", "XWidget.Web.SSO\XWidget.Web.SSO.csproj", "{4C0F5CC6-4C34-4497-A44D-6562E89EC2E0}"
EndProject
Project("{9A19103F-16F7-4668-BE54-9A1E7A4F7556}") = "XWidget.Web.Mvc.EFETag", "XWidget.Web.Mvc.EFETag\XWidget.Web.Mvc.EFETag.csproj", "{24768616-895D-4466-9B91-47AC0FE4E28A}"
EndProject
Project("{9A19103F-16F7-4668-BE54-9A1E7A4F7556}") = "XWidget.Web.Mvc.EFETag.Redis", "XWidget.Web.Mvc.EFETag.Redis\XWidget.Web.Mvc.EFETag.Redis.csproj", "{B2FA97C3-F785-4E2E-AA9D-A14CB292AA41}"
EndProject
Project("{FAE04EC0-301F-11D3-BF4B-00C04F79EFBC}") = "XWidget.Web.WebSockets", "XWidget.Web.WebSockets\XWidget.Web.WebSockets.csproj", "{68D0A512-2CB8-437B-9879-3E830BFD2C94}"
EndProject
Global
	GlobalSection(SolutionConfigurationPlatforms) = preSolution
		Debug|Any CPU = Debug|Any CPU
		Release|Any CPU = Release|Any CPU
	EndGlobalSection
	GlobalSection(ProjectConfigurationPlatforms) = postSolution
		{AC85A51A-D93C-4F2B-8480-2232593C9964}.Debug|Any CPU.ActiveCfg = Debug|Any CPU
		{AC85A51A-D93C-4F2B-8480-2232593C9964}.Debug|Any CPU.Build.0 = Debug|Any CPU
		{AC85A51A-D93C-4F2B-8480-2232593C9964}.Release|Any CPU.ActiveCfg = Release|Any CPU
		{AC85A51A-D93C-4F2B-8480-2232593C9964}.Release|Any CPU.Build.0 = Release|Any CPU
		{934F5C6C-3DB4-4834-B38F-1BA5CD70540B}.Debug|Any CPU.ActiveCfg = Debug|Any CPU
		{934F5C6C-3DB4-4834-B38F-1BA5CD70540B}.Debug|Any CPU.Build.0 = Debug|Any CPU
		{934F5C6C-3DB4-4834-B38F-1BA5CD70540B}.Release|Any CPU.ActiveCfg = Release|Any CPU
		{934F5C6C-3DB4-4834-B38F-1BA5CD70540B}.Release|Any CPU.Build.0 = Release|Any CPU
		{EC61BCC6-D3E5-4B61-8584-3E59901AC627}.Debug|Any CPU.ActiveCfg = Debug|Any CPU
		{EC61BCC6-D3E5-4B61-8584-3E59901AC627}.Debug|Any CPU.Build.0 = Debug|Any CPU
		{EC61BCC6-D3E5-4B61-8584-3E59901AC627}.Release|Any CPU.ActiveCfg = Release|Any CPU
		{EC61BCC6-D3E5-4B61-8584-3E59901AC627}.Release|Any CPU.Build.0 = Release|Any CPU
		{0C18274C-3471-4E60-ADC0-AB9EF4422308}.Debug|Any CPU.ActiveCfg = Debug|Any CPU
		{0C18274C-3471-4E60-ADC0-AB9EF4422308}.Debug|Any CPU.Build.0 = Debug|Any CPU
		{0C18274C-3471-4E60-ADC0-AB9EF4422308}.Release|Any CPU.ActiveCfg = Release|Any CPU
		{0C18274C-3471-4E60-ADC0-AB9EF4422308}.Release|Any CPU.Build.0 = Release|Any CPU
		{EA8FEE86-728C-40E1-88B2-1898770049C6}.Debug|Any CPU.ActiveCfg = Debug|Any CPU
		{EA8FEE86-728C-40E1-88B2-1898770049C6}.Debug|Any CPU.Build.0 = Debug|Any CPU
		{EA8FEE86-728C-40E1-88B2-1898770049C6}.Release|Any CPU.ActiveCfg = Release|Any CPU
		{EA8FEE86-728C-40E1-88B2-1898770049C6}.Release|Any CPU.Build.0 = Release|Any CPU
		{8B12EE3D-03AB-43DF-A469-114D71956ACF}.Debug|Any CPU.ActiveCfg = Debug|Any CPU
		{8B12EE3D-03AB-43DF-A469-114D71956ACF}.Debug|Any CPU.Build.0 = Debug|Any CPU
		{8B12EE3D-03AB-43DF-A469-114D71956ACF}.Release|Any CPU.ActiveCfg = Release|Any CPU
		{8B12EE3D-03AB-43DF-A469-114D71956ACF}.Release|Any CPU.Build.0 = Release|Any CPU
		{FE2A25D2-7D19-4B90-A1F6-F7EA6EDEE677}.Debug|Any CPU.ActiveCfg = Debug|Any CPU
		{FE2A25D2-7D19-4B90-A1F6-F7EA6EDEE677}.Debug|Any CPU.Build.0 = Debug|Any CPU
		{FE2A25D2-7D19-4B90-A1F6-F7EA6EDEE677}.Release|Any CPU.ActiveCfg = Release|Any CPU
		{FE2A25D2-7D19-4B90-A1F6-F7EA6EDEE677}.Release|Any CPU.Build.0 = Release|Any CPU
		{855E08AD-58B7-495C-AFA5-8868A4FBB6AF}.Debug|Any CPU.ActiveCfg = Debug|Any CPU
		{855E08AD-58B7-495C-AFA5-8868A4FBB6AF}.Debug|Any CPU.Build.0 = Debug|Any CPU
		{855E08AD-58B7-495C-AFA5-8868A4FBB6AF}.Release|Any CPU.ActiveCfg = Release|Any CPU
		{855E08AD-58B7-495C-AFA5-8868A4FBB6AF}.Release|Any CPU.Build.0 = Release|Any CPU
		{8C6F1CBB-6CB7-4B1F-A406-1F8CA82A0F97}.Debug|Any CPU.ActiveCfg = Debug|Any CPU
		{8C6F1CBB-6CB7-4B1F-A406-1F8CA82A0F97}.Debug|Any CPU.Build.0 = Debug|Any CPU
		{8C6F1CBB-6CB7-4B1F-A406-1F8CA82A0F97}.Release|Any CPU.ActiveCfg = Release|Any CPU
		{8C6F1CBB-6CB7-4B1F-A406-1F8CA82A0F97}.Release|Any CPU.Build.0 = Release|Any CPU
		{39F801BF-8482-4663-84BA-90BDE1F9BDC0}.Debug|Any CPU.ActiveCfg = Debug|Any CPU
		{39F801BF-8482-4663-84BA-90BDE1F9BDC0}.Debug|Any CPU.Build.0 = Debug|Any CPU
		{39F801BF-8482-4663-84BA-90BDE1F9BDC0}.Release|Any CPU.ActiveCfg = Release|Any CPU
		{39F801BF-8482-4663-84BA-90BDE1F9BDC0}.Release|Any CPU.Build.0 = Release|Any CPU
		{66BEAF03-C29C-4DD2-B04F-848741D03744}.Debug|Any CPU.ActiveCfg = Debug|Any CPU
		{66BEAF03-C29C-4DD2-B04F-848741D03744}.Debug|Any CPU.Build.0 = Debug|Any CPU
		{66BEAF03-C29C-4DD2-B04F-848741D03744}.Release|Any CPU.ActiveCfg = Release|Any CPU
		{66BEAF03-C29C-4DD2-B04F-848741D03744}.Release|Any CPU.Build.0 = Release|Any CPU
		{6D491715-6FC3-4D9B-8C98-FA3E37B2B5AC}.Debug|Any CPU.ActiveCfg = Debug|Any CPU
		{6D491715-6FC3-4D9B-8C98-FA3E37B2B5AC}.Debug|Any CPU.Build.0 = Debug|Any CPU
		{6D491715-6FC3-4D9B-8C98-FA3E37B2B5AC}.Release|Any CPU.ActiveCfg = Release|Any CPU
		{6D491715-6FC3-4D9B-8C98-FA3E37B2B5AC}.Release|Any CPU.Build.0 = Release|Any CPU
		{2E325442-BEC8-4444-9F98-4157305F6EB7}.Debug|Any CPU.ActiveCfg = Debug|Any CPU
		{2E325442-BEC8-4444-9F98-4157305F6EB7}.Debug|Any CPU.Build.0 = Debug|Any CPU
		{2E325442-BEC8-4444-9F98-4157305F6EB7}.Release|Any CPU.ActiveCfg = Release|Any CPU
		{2E325442-BEC8-4444-9F98-4157305F6EB7}.Release|Any CPU.Build.0 = Release|Any CPU
		{731B29A0-2E6F-4038-BDD1-3AF252B2E30F}.Debug|Any CPU.ActiveCfg = Debug|Any CPU
		{731B29A0-2E6F-4038-BDD1-3AF252B2E30F}.Debug|Any CPU.Build.0 = Debug|Any CPU
		{731B29A0-2E6F-4038-BDD1-3AF252B2E30F}.Release|Any CPU.ActiveCfg = Release|Any CPU
		{731B29A0-2E6F-4038-BDD1-3AF252B2E30F}.Release|Any CPU.Build.0 = Release|Any CPU
		{97073917-1262-4E76-8B0F-92A888C32BE1}.Debug|Any CPU.ActiveCfg = Debug|Any CPU
		{97073917-1262-4E76-8B0F-92A888C32BE1}.Debug|Any CPU.Build.0 = Debug|Any CPU
		{97073917-1262-4E76-8B0F-92A888C32BE1}.Release|Any CPU.ActiveCfg = Release|Any CPU
		{97073917-1262-4E76-8B0F-92A888C32BE1}.Release|Any CPU.Build.0 = Release|Any CPU
		{2C504CC6-C76B-4A9E-8C67-9F5199CC2F7C}.Debug|Any CPU.ActiveCfg = Debug|Any CPU
		{2C504CC6-C76B-4A9E-8C67-9F5199CC2F7C}.Debug|Any CPU.Build.0 = Debug|Any CPU
		{2C504CC6-C76B-4A9E-8C67-9F5199CC2F7C}.Release|Any CPU.ActiveCfg = Release|Any CPU
		{2C504CC6-C76B-4A9E-8C67-9F5199CC2F7C}.Release|Any CPU.Build.0 = Release|Any CPU
		{B314984C-614F-4204-8EB0-0F28E2811328}.Debug|Any CPU.ActiveCfg = Debug|Any CPU
		{B314984C-614F-4204-8EB0-0F28E2811328}.Debug|Any CPU.Build.0 = Debug|Any CPU
		{B314984C-614F-4204-8EB0-0F28E2811328}.Release|Any CPU.ActiveCfg = Release|Any CPU
		{B314984C-614F-4204-8EB0-0F28E2811328}.Release|Any CPU.Build.0 = Release|Any CPU
		{78603FC0-B2A4-421D-B417-796FB40F5CB4}.Debug|Any CPU.ActiveCfg = Debug|Any CPU
		{78603FC0-B2A4-421D-B417-796FB40F5CB4}.Debug|Any CPU.Build.0 = Debug|Any CPU
		{78603FC0-B2A4-421D-B417-796FB40F5CB4}.Release|Any CPU.ActiveCfg = Release|Any CPU
		{78603FC0-B2A4-421D-B417-796FB40F5CB4}.Release|Any CPU.Build.0 = Release|Any CPU
		{7F70C1E0-15C5-4939-BCF9-890D15ED36B1}.Debug|Any CPU.ActiveCfg = Debug|Any CPU
		{7F70C1E0-15C5-4939-BCF9-890D15ED36B1}.Debug|Any CPU.Build.0 = Debug|Any CPU
		{7F70C1E0-15C5-4939-BCF9-890D15ED36B1}.Release|Any CPU.ActiveCfg = Release|Any CPU
		{7F70C1E0-15C5-4939-BCF9-890D15ED36B1}.Release|Any CPU.Build.0 = Release|Any CPU
		{08D961A4-6069-4448-9E5C-59ACD3CB339C}.Debug|Any CPU.ActiveCfg = Debug|Any CPU
		{08D961A4-6069-4448-9E5C-59ACD3CB339C}.Debug|Any CPU.Build.0 = Debug|Any CPU
		{08D961A4-6069-4448-9E5C-59ACD3CB339C}.Release|Any CPU.ActiveCfg = Release|Any CPU
		{08D961A4-6069-4448-9E5C-59ACD3CB339C}.Release|Any CPU.Build.0 = Release|Any CPU
		{C0EB1FBB-1FF0-4801-9692-758132B721E8}.Debug|Any CPU.ActiveCfg = Debug|Any CPU
		{C0EB1FBB-1FF0-4801-9692-758132B721E8}.Debug|Any CPU.Build.0 = Debug|Any CPU
		{C0EB1FBB-1FF0-4801-9692-758132B721E8}.Release|Any CPU.ActiveCfg = Release|Any CPU
		{C0EB1FBB-1FF0-4801-9692-758132B721E8}.Release|Any CPU.Build.0 = Release|Any CPU
		{80CE103C-8DDD-46C4-94A9-408B919ACAAA}.Debug|Any CPU.ActiveCfg = Debug|Any CPU
		{80CE103C-8DDD-46C4-94A9-408B919ACAAA}.Debug|Any CPU.Build.0 = Debug|Any CPU
		{80CE103C-8DDD-46C4-94A9-408B919ACAAA}.Release|Any CPU.ActiveCfg = Release|Any CPU
		{80CE103C-8DDD-46C4-94A9-408B919ACAAA}.Release|Any CPU.Build.0 = Release|Any CPU
		{029FFF6F-81B8-4405-BE4A-A49AF9CA670C}.Debug|Any CPU.ActiveCfg = Debug|Any CPU
		{029FFF6F-81B8-4405-BE4A-A49AF9CA670C}.Debug|Any CPU.Build.0 = Debug|Any CPU
		{029FFF6F-81B8-4405-BE4A-A49AF9CA670C}.Release|Any CPU.ActiveCfg = Release|Any CPU
		{029FFF6F-81B8-4405-BE4A-A49AF9CA670C}.Release|Any CPU.Build.0 = Release|Any CPU
		{524B6C0F-7603-431F-8B57-0FE07EF7FF99}.Debug|Any CPU.ActiveCfg = Debug|Any CPU
		{524B6C0F-7603-431F-8B57-0FE07EF7FF99}.Debug|Any CPU.Build.0 = Debug|Any CPU
		{524B6C0F-7603-431F-8B57-0FE07EF7FF99}.Release|Any CPU.ActiveCfg = Release|Any CPU
		{524B6C0F-7603-431F-8B57-0FE07EF7FF99}.Release|Any CPU.Build.0 = Release|Any CPU
		{3509EEED-82D8-454F-8681-F482E83F1EDF}.Debug|Any CPU.ActiveCfg = Debug|Any CPU
		{3509EEED-82D8-454F-8681-F482E83F1EDF}.Debug|Any CPU.Build.0 = Debug|Any CPU
		{3509EEED-82D8-454F-8681-F482E83F1EDF}.Release|Any CPU.ActiveCfg = Release|Any CPU
		{3509EEED-82D8-454F-8681-F482E83F1EDF}.Release|Any CPU.Build.0 = Release|Any CPU
		{FFF3703D-2A05-404F-94B4-24BABD9BC47D}.Debug|Any CPU.ActiveCfg = Debug|Any CPU
		{FFF3703D-2A05-404F-94B4-24BABD9BC47D}.Debug|Any CPU.Build.0 = Debug|Any CPU
		{FFF3703D-2A05-404F-94B4-24BABD9BC47D}.Release|Any CPU.ActiveCfg = Release|Any CPU
		{FFF3703D-2A05-404F-94B4-24BABD9BC47D}.Release|Any CPU.Build.0 = Release|Any CPU
		{377FD2A7-6BC7-4545-AA4B-46AE9BBEABAE}.Debug|Any CPU.ActiveCfg = Debug|Any CPU
		{377FD2A7-6BC7-4545-AA4B-46AE9BBEABAE}.Debug|Any CPU.Build.0 = Debug|Any CPU
		{377FD2A7-6BC7-4545-AA4B-46AE9BBEABAE}.Release|Any CPU.ActiveCfg = Release|Any CPU
		{377FD2A7-6BC7-4545-AA4B-46AE9BBEABAE}.Release|Any CPU.Build.0 = Release|Any CPU
		{D1C937CD-BB80-4A4E-BA6C-6769D2A27A4E}.Debug|Any CPU.ActiveCfg = Debug|Any CPU
		{D1C937CD-BB80-4A4E-BA6C-6769D2A27A4E}.Debug|Any CPU.Build.0 = Debug|Any CPU
		{D1C937CD-BB80-4A4E-BA6C-6769D2A27A4E}.Release|Any CPU.ActiveCfg = Release|Any CPU
		{D1C937CD-BB80-4A4E-BA6C-6769D2A27A4E}.Release|Any CPU.Build.0 = Release|Any CPU
		{BC4FBA7E-A99E-4344-878D-8560241B6C23}.Debug|Any CPU.ActiveCfg = Debug|Any CPU
		{BC4FBA7E-A99E-4344-878D-8560241B6C23}.Debug|Any CPU.Build.0 = Debug|Any CPU
		{BC4FBA7E-A99E-4344-878D-8560241B6C23}.Release|Any CPU.ActiveCfg = Release|Any CPU
		{BC4FBA7E-A99E-4344-878D-8560241B6C23}.Release|Any CPU.Build.0 = Release|Any CPU
		{8F3E9B7B-D2D0-4867-A930-6A1F15DC2A02}.Debug|Any CPU.ActiveCfg = Debug|Any CPU
		{8F3E9B7B-D2D0-4867-A930-6A1F15DC2A02}.Debug|Any CPU.Build.0 = Debug|Any CPU
		{8F3E9B7B-D2D0-4867-A930-6A1F15DC2A02}.Release|Any CPU.ActiveCfg = Release|Any CPU
		{8F3E9B7B-D2D0-4867-A930-6A1F15DC2A02}.Release|Any CPU.Build.0 = Release|Any CPU
		{E4C1E962-2F11-442B-8BE2-7CB22D0B3EAA}.Debug|Any CPU.ActiveCfg = Debug|Any CPU
		{E4C1E962-2F11-442B-8BE2-7CB22D0B3EAA}.Debug|Any CPU.Build.0 = Debug|Any CPU
		{E4C1E962-2F11-442B-8BE2-7CB22D0B3EAA}.Release|Any CPU.ActiveCfg = Release|Any CPU
		{E4C1E962-2F11-442B-8BE2-7CB22D0B3EAA}.Release|Any CPU.Build.0 = Release|Any CPU
		{4F958A51-AB1A-4B99-9CE1-782BD8635646}.Debug|Any CPU.ActiveCfg = Debug|Any CPU
		{4F958A51-AB1A-4B99-9CE1-782BD8635646}.Debug|Any CPU.Build.0 = Debug|Any CPU
		{4F958A51-AB1A-4B99-9CE1-782BD8635646}.Release|Any CPU.ActiveCfg = Release|Any CPU
		{4F958A51-AB1A-4B99-9CE1-782BD8635646}.Release|Any CPU.Build.0 = Release|Any CPU
		{264BCA06-5C65-4931-A725-114EC86EB5E7}.Debug|Any CPU.ActiveCfg = Debug|Any CPU
		{264BCA06-5C65-4931-A725-114EC86EB5E7}.Debug|Any CPU.Build.0 = Debug|Any CPU
		{264BCA06-5C65-4931-A725-114EC86EB5E7}.Release|Any CPU.ActiveCfg = Release|Any CPU
		{264BCA06-5C65-4931-A725-114EC86EB5E7}.Release|Any CPU.Build.0 = Release|Any CPU
		{2ED1C7FA-27C3-458D-B40E-DEE35452AF30}.Debug|Any CPU.ActiveCfg = Debug|Any CPU
		{2ED1C7FA-27C3-458D-B40E-DEE35452AF30}.Debug|Any CPU.Build.0 = Debug|Any CPU
		{2ED1C7FA-27C3-458D-B40E-DEE35452AF30}.Release|Any CPU.ActiveCfg = Release|Any CPU
		{2ED1C7FA-27C3-458D-B40E-DEE35452AF30}.Release|Any CPU.Build.0 = Release|Any CPU
		{8C0A19FF-BA57-4165-9964-7823ED9AE2CD}.Debug|Any CPU.ActiveCfg = Debug|Any CPU
		{8C0A19FF-BA57-4165-9964-7823ED9AE2CD}.Debug|Any CPU.Build.0 = Debug|Any CPU
		{8C0A19FF-BA57-4165-9964-7823ED9AE2CD}.Release|Any CPU.ActiveCfg = Release|Any CPU
		{8C0A19FF-BA57-4165-9964-7823ED9AE2CD}.Release|Any CPU.Build.0 = Release|Any CPU
		{4C0F5CC6-4C34-4497-A44D-6562E89EC2E0}.Debug|Any CPU.ActiveCfg = Debug|Any CPU
		{4C0F5CC6-4C34-4497-A44D-6562E89EC2E0}.Debug|Any CPU.Build.0 = Debug|Any CPU
		{4C0F5CC6-4C34-4497-A44D-6562E89EC2E0}.Release|Any CPU.ActiveCfg = Release|Any CPU
		{4C0F5CC6-4C34-4497-A44D-6562E89EC2E0}.Release|Any CPU.Build.0 = Release|Any CPU
		{24768616-895D-4466-9B91-47AC0FE4E28A}.Debug|Any CPU.ActiveCfg = Debug|Any CPU
		{24768616-895D-4466-9B91-47AC0FE4E28A}.Debug|Any CPU.Build.0 = Debug|Any CPU
		{24768616-895D-4466-9B91-47AC0FE4E28A}.Release|Any CPU.ActiveCfg = Release|Any CPU
		{24768616-895D-4466-9B91-47AC0FE4E28A}.Release|Any CPU.Build.0 = Release|Any CPU
		{B2FA97C3-F785-4E2E-AA9D-A14CB292AA41}.Debug|Any CPU.ActiveCfg = Debug|Any CPU
		{B2FA97C3-F785-4E2E-AA9D-A14CB292AA41}.Debug|Any CPU.Build.0 = Debug|Any CPU
		{B2FA97C3-F785-4E2E-AA9D-A14CB292AA41}.Release|Any CPU.ActiveCfg = Release|Any CPU
		{B2FA97C3-F785-4E2E-AA9D-A14CB292AA41}.Release|Any CPU.Build.0 = Release|Any CPU
		{68D0A512-2CB8-437B-9879-3E830BFD2C94}.Debug|Any CPU.ActiveCfg = Debug|Any CPU
		{68D0A512-2CB8-437B-9879-3E830BFD2C94}.Debug|Any CPU.Build.0 = Debug|Any CPU
		{68D0A512-2CB8-437B-9879-3E830BFD2C94}.Release|Any CPU.ActiveCfg = Release|Any CPU
		{68D0A512-2CB8-437B-9879-3E830BFD2C94}.Release|Any CPU.Build.0 = Release|Any CPU
	EndGlobalSection
	GlobalSection(SolutionProperties) = preSolution
		HideSolutionNode = FALSE
	EndGlobalSection
	GlobalSection(ExtensibilityGlobals) = postSolution
		SolutionGuid = {3FC2B0A5-356E-4E69-861F-5E8C9AFC70D0}
	EndGlobalSection
EndGlobal
